
Microsoft Visual Studio Solution File, Format Version 12.00
# Visual Studio Version 17
VisualStudioVersion = 17.4.33213.308
MinimumVisualStudioVersion = 10.0.40219.1
Project("{FAE04EC0-301F-11D3-BF4B-00C04F79EFBC}") = "pdc03_mod2.Android", "pdc03_mod2\pdc03_mod2.Android\pdc03_mod2.Android.csproj", "{966A1488-43A8-4BFB-9978-413AD50F448C}"
EndProject
Project("{FAE04EC0-301F-11D3-BF4B-00C04F79EFBC}") = "pdc03_mod2", "pdc03_mod2\pdc03_mod2\pdc03_mod2.csproj", "{45FD9989-CDF2-4B32-8E35-D58FDA2C8F11}"
EndProject
Global
	GlobalSection(SolutionConfigurationPlatforms) = preSolution
		Debug|Any CPU = Debug|Any CPU
		Release|Any CPU = Release|Any CPU
	EndGlobalSection
	GlobalSection(ProjectConfigurationPlatforms) = postSolution
		{966A1488-43A8-4BFB-9978-413AD50F448C}.Debug|Any CPU.ActiveCfg = Debug|Any CPU
		{966A1488-43A8-4BFB-9978-413AD50F448C}.Debug|Any CPU.Build.0 = Debug|Any CPU
		{966A1488-43A8-4BFB-9978-413AD50F448C}.Debug|Any CPU.Deploy.0 = Debug|Any CPU
		{966A1488-43A8-4BFB-9978-413AD50F448C}.Release|Any CPU.ActiveCfg = Release|Any CPU
		{966A1488-43A8-4BFB-9978-413AD50F448C}.Release|Any CPU.Build.0 = Release|Any CPU
		{966A1488-43A8-4BFB-9978-413AD50F448C}.Release|Any CPU.Deploy.0 = Release|Any CPU
		{45FD9989-CDF2-4B32-8E35-D58FDA2C8F11}.Debug|Any CPU.ActiveCfg = Debug|Any CPU
		{45FD9989-CDF2-4B32-8E35-D58FDA2C8F11}.Debug|Any CPU.Build.0 = Debug|Any CPU
		{45FD9989-CDF2-4B32-8E35-D58FDA2C8F11}.Debug|Any CPU.Deploy.0 = Debug|Any CPU
		{45FD9989-CDF2-4B32-8E35-D58FDA2C8F11}.Release|Any CPU.ActiveCfg = Release|Any CPU
		{45FD9989-CDF2-4B32-8E35-D58FDA2C8F11}.Release|Any CPU.Build.0 = Release|Any CPU
		{45FD9989-CDF2-4B32-8E35-D58FDA2C8F11}.Release|Any CPU.Deploy.0 = Release|Any CPU
	EndGlobalSection
	GlobalSection(SolutionProperties) = preSolution
		HideSolutionNode = FALSE
	EndGlobalSection
	GlobalSection(ExtensibilityGlobals) = postSolution
		SolutionGuid = {ACB040A4-1715-4A52-8F06-F552773E7D8D}
	EndGlobalSection
EndGlobal
